<?xml version="1.0" encoding="utf-8"?>
<Project ToolsVersion="4.0" xmlns="http://schemas.microsoft.com/developer/msbuild/2003">
  <ItemGroup>
    <Filter Include="Source Files">
      <UniqueIdentifier>{4FC737F1-C7A5-4376-A066-2A32D752A2FF}</UniqueIdentifier>
      <Extensions>cpp;c;cc;cxx;c++;cppm;ixx;def;odl;idl;hpj;bat;asm;asmx</Extensions>
    </Filter>
    <Filter Include="Header Files">
      <UniqueIdentifier>{93995380-89BD-4b04-88EB-625FBE52EBFB}</UniqueIdentifier>
      <Extensions>h;hh;hpp;hxx;h++;hm;inl;inc;ipp;xsd</Extensions>
    </Filter>
    <Filter Include="Resource Files">
      <UniqueIdentifier>{67DA6AB6-F800-4c08-8B7A-83BB121AAD01}</UniqueIdentifier>
      <Extensions>rc;ico;cur;bmp;dlg;rc2;rct;bin;rgs;gif;jpg;jpeg;jpe;resx;tiff;tif;png;wav;mfcribbon-ms</Extensions>
    </Filter>
  </ItemGroup>
  <ItemGroup>
    <ClCompile Include="src\piece\piece.cpp">
      <Filter>Source Files</Filter>
    </ClCompile>
    <ClCompile Include="src\board\board.cpp">
      <Filter>Source Files</Filter>
    </ClCompile>
    <ClCompile Include="src\game\game.cpp">
      <Filter>Source Files</Filter>
    </ClCompile>
    <ClCompile Include="src\game\main.cpp">
      <Filter>Source Files</Filter>
    </ClCompile>
    <ClCompile Include="src\piece\rook\rook.cpp">
      <Filter>Source Files</Filter>
    </ClCompile>
    <ClCompile Include="src\piece\bishop\bishop.cpp">
      <Filter>Source Files</Filter>
    </ClCompile>
    <ClCompile Include="src\piece\king\king.cpp">
      <Filter>Source Files</Filter>
    </ClCompile>
    <ClCompile Include="src\piece\knight\knight.cpp">
      <Filter>Source Files</Filter>
    </ClCompile>
    <ClCompile Include="src\piece\pawn\pawn.cpp">
      <Filter>Source Files</Filter>
    </ClCompile>
    <ClCompile Include="src\piece\queen\queen.cpp">
      <Filter>Source Files</Filter>
    </ClCompile>
  </ItemGroup>
  <ItemGroup>
    <ClInclude Include="src\board\board.h">
      <Filter>Header Files</Filter>
    </ClInclude>
    <ClInclude Include="src\game\game.h">
      <Filter>Header Files</Filter>
    </ClInclude>
    <ClInclude Include="vendor\vendor.h">
      <Filter>Header Files</Filter>
    </ClInclude>
    <ClInclude Include="src\piece\piece.h">
      <Filter>Header Files</Filter>
    </ClInclude>
    <ClInclude Include="src\piece\rook\rook.h">
      <Filter>Header Files</Filter>
    </ClInclude>
    <ClInclude Include="src\piece\queen\queen.h">
      <Filter>Header Files</Filter>
    </ClInclude>
    <ClInclude Include="src\piece\bishop\bishop.h">
      <Filter>Header Files</Filter>
    </ClInclude>
    <ClInclude Include="src\piece\king\king.h">
      <Filter>Header Files</Filter>
    </ClInclude>
    <ClInclude Include="src\piece\knight\knight.h">
      <Filter>Header Files</Filter>
    </ClInclude>
    <ClInclude Include="src\piece\pawn\pawn.h">
      <Filter>Header Files</Filter>
    </ClInclude>
  </ItemGroup>
  <ItemGroup>
    <None Include="vendor\sfml-window-d-2.dll" />
    <None Include="vendor\sfml-window-2.dll" />
    <None Include="vendor\sfml-system-d-2.dll" />
    <None Include="vendor\sfml-system-2.dll" />
    <None Include="vendor\sfml-network-d-2.dll" />
    <None Include="vendor\sfml-network-2.dll" />
    <None Include="vendor\sfml-graphics-d-2.dll" />
    <None Include="vendor\openal32.dll" />
    <None Include="vendor\sfml-audio-2.dll" />
    <None Include="vendor\sfml-audio-d-2.dll" />
    <None Include="vendor\sfml-graphics-2.dll" />
  </ItemGroup>
  <ItemGroup>
    <Image Include="src\piece\spritesheet.png">
      <Filter>Resource Files</Filter>
    </Image>
  </ItemGroup>
  <ItemGroup>
    <Media Include="src\piece\move.wav">
      <Filter>Resource Files</Filter>
    </Media>
    <Media Include="src\piece\capture.wav">
      <Filter>Resource Files</Filter>
    </Media>
  </ItemGroup>
</Project>